
Microsoft Visual Studio Solution File, Format Version 12.00
# Visual Studio 15
VisualStudioVersion = 15.0.28010.2016
MinimumVisualStudioVersion = 10.0.40219.1
Project("{9A19103F-16F7-4668-BE54-9A1E7A4F7556}") = "NorthwindShop.Web", "NorthwindShop.Web\NorthwindShop.Web.csproj", "{D3BBB3C8-FDE6-45D2-A303-D1E5AA657589}"
EndProject
Project("{9A19103F-16F7-4668-BE54-9A1E7A4F7556}") = "NorthwindShop.BLL", "NorthwindShop.BLL\NorthwindShop.BLL.csproj", "{76603B2E-FF5A-4BD0-B952-0B4CC8C566B4}"
EndProject
Project("{9A19103F-16F7-4668-BE54-9A1E7A4F7556}") = "NorthwindShop.DAL", "NorthwindShop.DAL\NorthwindShop.DAL.csproj", "{B89A19DC-6E8C-4826-90C5-181142E5DA4A}"
EndProject
Project("{2150E333-8FDC-42A3-9474-1A3956D46DE8}") = "Tests", "Tests", "{E72E04BA-9562-4480-8607-34FE80F97786}"
EndProject
Project("{9A19103F-16F7-4668-BE54-9A1E7A4F7556}") = "ControllerTests", "ControllerTests\ControllerTests.csproj", "{951B2F7F-9B37-4724-956F-EDE54B04A0C6}"
EndProject
Project("{2150E333-8FDC-42A3-9474-1A3956D46DE8}") = "ConsoleClient", "ConsoleClient", "{777CC3A5-FF21-44AA-B415-B3073FE9F58B}"
EndProject
Project("{9A19103F-16F7-4668-BE54-9A1E7A4F7556}") = "NorthwindWebApiClient", "NorthwindWebApiClient\NorthwindWebApiClient.csproj", "{41D48B3A-6082-4BA3-A42B-0D6F465ECAAA}"
EndProject
Project("{2150E333-8FDC-42A3-9474-1A3956D46DE8}") = "AutoGeneratedSwaggerClient", "AutoGeneratedSwaggerClient", "{48DC442B-CBB2-4834-85D4-6039773A8B4F}"
EndProject
Project("{FAE04EC0-301F-11D3-BF4B-00C04F79EFBC}") = "WebApiClient", "WebApiClient\WebApiClient.csproj", "{369FDCE8-2F3E-4638-8589-638D549AED75}"
EndProject
Global
	GlobalSection(SolutionConfigurationPlatforms) = preSolution
		Debug|Any CPU = Debug|Any CPU
		Release|Any CPU = Release|Any CPU
	EndGlobalSection
	GlobalSection(ProjectConfigurationPlatforms) = postSolution
		{D3BBB3C8-FDE6-45D2-A303-D1E5AA657589}.Debug|Any CPU.ActiveCfg = Debug|Any CPU
		{D3BBB3C8-FDE6-45D2-A303-D1E5AA657589}.Debug|Any CPU.Build.0 = Debug|Any CPU
		{D3BBB3C8-FDE6-45D2-A303-D1E5AA657589}.Release|Any CPU.ActiveCfg = Release|Any CPU
		{D3BBB3C8-FDE6-45D2-A303-D1E5AA657589}.Release|Any CPU.Build.0 = Release|Any CPU
		{76603B2E-FF5A-4BD0-B952-0B4CC8C566B4}.Debug|Any CPU.ActiveCfg = Debug|Any CPU
		{76603B2E-FF5A-4BD0-B952-0B4CC8C566B4}.Debug|Any CPU.Build.0 = Debug|Any CPU
		{76603B2E-FF5A-4BD0-B952-0B4CC8C566B4}.Release|Any CPU.ActiveCfg = Release|Any CPU
		{76603B2E-FF5A-4BD0-B952-0B4CC8C566B4}.Release|Any CPU.Build.0 = Release|Any CPU
		{B89A19DC-6E8C-4826-90C5-181142E5DA4A}.Debug|Any CPU.ActiveCfg = Debug|Any CPU
		{B89A19DC-6E8C-4826-90C5-181142E5DA4A}.Debug|Any CPU.Build.0 = Debug|Any CPU
		{B89A19DC-6E8C-4826-90C5-181142E5DA4A}.Release|Any CPU.ActiveCfg = Release|Any CPU
		{B89A19DC-6E8C-4826-90C5-181142E5DA4A}.Release|Any CPU.Build.0 = Release|Any CPU
		{951B2F7F-9B37-4724-956F-EDE54B04A0C6}.Debug|Any CPU.ActiveCfg = Debug|Any CPU
		{951B2F7F-9B37-4724-956F-EDE54B04A0C6}.Debug|Any CPU.Build.0 = Debug|Any CPU
		{951B2F7F-9B37-4724-956F-EDE54B04A0C6}.Release|Any CPU.ActiveCfg = Release|Any CPU
		{951B2F7F-9B37-4724-956F-EDE54B04A0C6}.Release|Any CPU.Build.0 = Release|Any CPU
		{41D48B3A-6082-4BA3-A42B-0D6F465ECAAA}.Debug|Any CPU.ActiveCfg = Debug|Any CPU
		{41D48B3A-6082-4BA3-A42B-0D6F465ECAAA}.Debug|Any CPU.Build.0 = Debug|Any CPU
		{41D48B3A-6082-4BA3-A42B-0D6F465ECAAA}.Release|Any CPU.ActiveCfg = Release|Any CPU
		{41D48B3A-6082-4BA3-A42B-0D6F465ECAAA}.Release|Any CPU.Build.0 = Release|Any CPU
		{369FDCE8-2F3E-4638-8589-638D549AED75}.Debug|Any CPU.ActiveCfg = Debug|Any CPU
		{369FDCE8-2F3E-4638-8589-638D549AED75}.Debug|Any CPU.Build.0 = Debug|Any CPU
		{369FDCE8-2F3E-4638-8589-638D549AED75}.Release|Any CPU.ActiveCfg = Release|Any CPU
		{369FDCE8-2F3E-4638-8589-638D549AED75}.Release|Any CPU.Build.0 = Release|Any CPU
	EndGlobalSection
	GlobalSection(SolutionProperties) = preSolution
		HideSolutionNode = FALSE
	EndGlobalSection
	GlobalSection(NestedProjects) = preSolution
		{951B2F7F-9B37-4724-956F-EDE54B04A0C6} = {E72E04BA-9562-4480-8607-34FE80F97786}
		{41D48B3A-6082-4BA3-A42B-0D6F465ECAAA} = {777CC3A5-FF21-44AA-B415-B3073FE9F58B}
		{369FDCE8-2F3E-4638-8589-638D549AED75} = {48DC442B-CBB2-4834-85D4-6039773A8B4F}
	EndGlobalSection
	GlobalSection(ExtensibilityGlobals) = postSolution
		SolutionGuid = {E511DAE5-3719-4497-BF6A-B812C7E85E68}
	EndGlobalSection
EndGlobal
